// !$*UTF8*$!
{
	archiveVersion = 1;
	classes = {
	};
	objectVersion = 56;
	objects = {

/* Begin PBXBuildFile section */
		477EC6022B1FD7F400D2FA73 /* Package_Management_SystemApp.swift in Sources */ = {isa = PBXBuildFile; fileRef = 477EC6012B1FD7F400D2FA73 /* Package_Management_SystemApp.swift */; };
		477EC6042B1FD7F400D2FA73 /* PMSStartView.swift in Sources */ = {isa = PBXBuildFile; fileRef = 477EC6032B1FD7F400D2FA73 /* PMSStartView.swift */; };
		477EC6062B1FD7F600D2FA73 /* Assets.xcassets in Resources */ = {isa = PBXBuildFile; fileRef = 477EC6052B1FD7F600D2FA73 /* Assets.xcassets */; };
		477EC6092B1FD7F600D2FA73 /* Preview Assets.xcassets in Resources */ = {isa = PBXBuildFile; fileRef = 477EC6082B1FD7F600D2FA73 /* Preview Assets.xcassets */; };
		477EC6132B1FD7F600D2FA73 /* Package_Management_SystemTests.swift in Sources */ = {isa = PBXBuildFile; fileRef = 477EC6122B1FD7F600D2FA73 /* Package_Management_SystemTests.swift */; };
		477EC61D2B1FD7F600D2FA73 /* Package_Management_SystemUITests.swift in Sources */ = {isa = PBXBuildFile; fileRef = 477EC61C2B1FD7F600D2FA73 /* Package_Management_SystemUITests.swift */; };
		477EC61F2B1FD7F600D2FA73 /* Package_Management_SystemUITestsLaunchTests.swift in Sources */ = {isa = PBXBuildFile; fileRef = 477EC61E2B1FD7F600D2FA73 /* Package_Management_SystemUITestsLaunchTests.swift */; };
		477EC62D2B1FD86800D2FA73 /* PMSPackage.swift in Sources */ = {isa = PBXBuildFile; fileRef = 477EC62C2B1FD86800D2FA73 /* PMSPackage.swift */; };
		477EC62F2B1FD8E300D2FA73 /* PMSFacility.swift in Sources */ = {isa = PBXBuildFile; fileRef = 477EC62E2B1FD8E300D2FA73 /* PMSFacility.swift */; };
		477EC6312B1FD94000D2FA73 /* PMSShippingRoute.swift in Sources */ = {isa = PBXBuildFile; fileRef = 477EC6302B1FD94000D2FA73 /* PMSShippingRoute.swift */; };
		477EC6372B1FD9DD00D2FA73 /* PMSEmployee.swift in Sources */ = {isa = PBXBuildFile; fileRef = 477EC6362B1FD9DD00D2FA73 /* PMSEmployee.swift */; };
		477EC6392B2127DB00D2FA73 /* PMSPresortZone.swift in Sources */ = {isa = PBXBuildFile; fileRef = 477EC6382B2127DB00D2FA73 /* PMSPresortZone.swift */; };
		477EC63B2B214EC300D2FA73 /* PMSHoldingZone.swift in Sources */ = {isa = PBXBuildFile; fileRef = 477EC63A2B214EC300D2FA73 /* PMSHoldingZone.swift */; };
		477EC63D2B2161BA00D2FA73 /* PMSCategory.swift in Sources */ = {isa = PBXBuildFile; fileRef = 477EC63C2B2161BA00D2FA73 /* PMSCategory.swift */; };
		477EC63F2B21678500D2FA73 /* PMSShippingZone.swift in Sources */ = {isa = PBXBuildFile; fileRef = 477EC63E2B21678500D2FA73 /* PMSShippingZone.swift */; };
		477EC6442B21743700D2FA73 /* PMSPackageMishandledError.swift in Sources */ = {isa = PBXBuildFile; fileRef = 477EC6432B21743700D2FA73 /* PMSPackageMishandledError.swift */; };
		477EC6462B217DE400D2FA73 /* PMSZone.swift in Sources */ = {isa = PBXBuildFile; fileRef = 477EC6452B217DE400D2FA73 /* PMSZone.swift */; };
		477EC6482B21876800D2FA73 /* PMSEntryZone.swift in Sources */ = {isa = PBXBuildFile; fileRef = 477EC6472B21876800D2FA73 /* PMSEntryZone.swift */; };
		477EC64A2B219BED00D2FA73 /* PMSZoneError.swift in Sources */ = {isa = PBXBuildFile; fileRef = 477EC6492B219BED00D2FA73 /* PMSZoneError.swift */; };
		477EC64C2B21AA6900D2FA73 /* PMSSimulationView.swift in Sources */ = {isa = PBXBuildFile; fileRef = 477EC64B2B21AA6900D2FA73 /* PMSSimulationView.swift */; };
		47E93B312B22365500FFC763 /* PMSFacilityHealthView.swift in Sources */ = {isa = PBXBuildFile; fileRef = 47E93B302B22365500FFC763 /* PMSFacilityHealthView.swift */; };
		47E93B332B22365F00FFC763 /* PMSZoneStatView.swift in Sources */ = {isa = PBXBuildFile; fileRef = 47E93B322B22365F00FFC763 /* PMSZoneStatView.swift */; };
		47E93B352B22366800FFC763 /* PMSEnterFacilityStageView.swift in Sources */ = {isa = PBXBuildFile; fileRef = 47E93B342B22366800FFC763 /* PMSEnterFacilityStageView.swift */; };
		47E93B372B22367300FFC763 /* PMSPresortStageView.swift in Sources */ = {isa = PBXBuildFile; fileRef = 47E93B362B22367300FFC763 /* PMSPresortStageView.swift */; };
		47E93B392B22367C00FFC763 /* PMSHoldingStageView.swift in Sources */ = {isa = PBXBuildFile; fileRef = 47E93B382B22367C00FFC763 /* PMSHoldingStageView.swift */; };
		47E93B3B2B22369300FFC763 /* PMSShippingStageView.swift in Sources */ = {isa = PBXBuildFile; fileRef = 47E93B3A2B22369300FFC763 /* PMSShippingStageView.swift */; };
		47E93B3D2B2236A800FFC763 /* PMSShippedStageView.swift in Sources */ = {isa = PBXBuildFile; fileRef = 47E93B3C2B2236A800FFC763 /* PMSShippedStageView.swift */; };
/* End PBXBuildFile section */

/* Begin PBXContainerItemProxy section */
		477EC60F2B1FD7F600D2FA73 /* PBXContainerItemProxy */ = {
			isa = PBXContainerItemProxy;
			containerPortal = 477EC5F62B1FD7F400D2FA73 /* Project object */;
			proxyType = 1;
			remoteGlobalIDString = 477EC5FD2B1FD7F400D2FA73;
			remoteInfo = "Package-Management-System";
		};
		477EC6192B1FD7F600D2FA73 /* PBXContainerItemProxy */ = {
			isa = PBXContainerItemProxy;
			containerPortal = 477EC5F62B1FD7F400D2FA73 /* Project object */;
			proxyType = 1;
			remoteGlobalIDString = 477EC5FD2B1FD7F400D2FA73;
			remoteInfo = "Package-Management-System";
		};
/* End PBXContainerItemProxy section */

/* Begin PBXFileReference section */
		477EC5FE2B1FD7F400D2FA73 /* Package-Management-System.app */ = {isa = PBXFileReference; explicitFileType = wrapper.application; includeInIndex = 0; path = "Package-Management-System.app"; sourceTree = BUILT_PRODUCTS_DIR; };
		477EC6012B1FD7F400D2FA73 /* Package_Management_SystemApp.swift */ = {isa = PBXFileReference; lastKnownFileType = sourcecode.swift; path = Package_Management_SystemApp.swift; sourceTree = "<group>"; };
		477EC6032B1FD7F400D2FA73 /* PMSStartView.swift */ = {isa = PBXFileReference; lastKnownFileType = sourcecode.swift; path = PMSStartView.swift; sourceTree = "<group>"; };
		477EC6052B1FD7F600D2FA73 /* Assets.xcassets */ = {isa = PBXFileReference; lastKnownFileType = folder.assetcatalog; path = Assets.xcassets; sourceTree = "<group>"; };
		477EC6082B1FD7F600D2FA73 /* Preview Assets.xcassets */ = {isa = PBXFileReference; lastKnownFileType = folder.assetcatalog; path = "Preview Assets.xcassets"; sourceTree = "<group>"; };
		477EC60E2B1FD7F600D2FA73 /* Package-Management-SystemTests.xctest */ = {isa = PBXFileReference; explicitFileType = wrapper.cfbundle; includeInIndex = 0; path = "Package-Management-SystemTests.xctest"; sourceTree = BUILT_PRODUCTS_DIR; };
		477EC6122B1FD7F600D2FA73 /* Package_Management_SystemTests.swift */ = {isa = PBXFileReference; lastKnownFileType = sourcecode.swift; path = Package_Management_SystemTests.swift; sourceTree = "<group>"; };
		477EC6182B1FD7F600D2FA73 /* Package-Management-SystemUITests.xctest */ = {isa = PBXFileReference; explicitFileType = wrapper.cfbundle; includeInIndex = 0; path = "Package-Management-SystemUITests.xctest"; sourceTree = BUILT_PRODUCTS_DIR; };
		477EC61C2B1FD7F600D2FA73 /* Package_Management_SystemUITests.swift */ = {isa = PBXFileReference; lastKnownFileType = sourcecode.swift; path = Package_Management_SystemUITests.swift; sourceTree = "<group>"; };
		477EC61E2B1FD7F600D2FA73 /* Package_Management_SystemUITestsLaunchTests.swift */ = {isa = PBXFileReference; lastKnownFileType = sourcecode.swift; path = Package_Management_SystemUITestsLaunchTests.swift; sourceTree = "<group>"; };
		477EC62C2B1FD86800D2FA73 /* PMSPackage.swift */ = {isa = PBXFileReference; lastKnownFileType = sourcecode.swift; path = PMSPackage.swift; sourceTree = "<group>"; };
		477EC62E2B1FD8E300D2FA73 /* PMSFacility.swift */ = {isa = PBXFileReference; lastKnownFileType = sourcecode.swift; path = PMSFacility.swift; sourceTree = "<group>"; };
		477EC6302B1FD94000D2FA73 /* PMSShippingRoute.swift */ = {isa = PBXFileReference; lastKnownFileType = sourcecode.swift; path = PMSShippingRoute.swift; sourceTree = "<group>"; };
		477EC6362B1FD9DD00D2FA73 /* PMSEmployee.swift */ = {isa = PBXFileReference; lastKnownFileType = sourcecode.swift; path = PMSEmployee.swift; sourceTree = "<group>"; };
		477EC6382B2127DB00D2FA73 /* PMSPresortZone.swift */ = {isa = PBXFileReference; lastKnownFileType = sourcecode.swift; path = PMSPresortZone.swift; sourceTree = "<group>"; };
		477EC63A2B214EC300D2FA73 /* PMSHoldingZone.swift */ = {isa = PBXFileReference; lastKnownFileType = sourcecode.swift; path = PMSHoldingZone.swift; sourceTree = "<group>"; };
		477EC63C2B2161BA00D2FA73 /* PMSCategory.swift */ = {isa = PBXFileReference; lastKnownFileType = sourcecode.swift; path = PMSCategory.swift; sourceTree = "<group>"; };
		477EC63E2B21678500D2FA73 /* PMSShippingZone.swift */ = {isa = PBXFileReference; lastKnownFileType = sourcecode.swift; path = PMSShippingZone.swift; sourceTree = "<group>"; };
		477EC6432B21743700D2FA73 /* PMSPackageMishandledError.swift */ = {isa = PBXFileReference; lastKnownFileType = sourcecode.swift; path = PMSPackageMishandledError.swift; sourceTree = "<group>"; };
		477EC6452B217DE400D2FA73 /* PMSZone.swift */ = {isa = PBXFileReference; lastKnownFileType = sourcecode.swift; path = PMSZone.swift; sourceTree = "<group>"; };
		477EC6472B21876800D2FA73 /* PMSEntryZone.swift */ = {isa = PBXFileReference; lastKnownFileType = sourcecode.swift; path = PMSEntryZone.swift; sourceTree = "<group>"; };
		477EC6492B219BED00D2FA73 /* PMSZoneError.swift */ = {isa = PBXFileReference; lastKnownFileType = sourcecode.swift; path = PMSZoneError.swift; sourceTree = "<group>"; };
		477EC64B2B21AA6900D2FA73 /* PMSSimulationView.swift */ = {isa = PBXFileReference; lastKnownFileType = sourcecode.swift; path = PMSSimulationView.swift; sourceTree = "<group>"; };
		47E93B302B22365500FFC763 /* PMSFacilityHealthView.swift */ = {isa = PBXFileReference; lastKnownFileType = sourcecode.swift; path = PMSFacilityHealthView.swift; sourceTree = "<group>"; };
		47E93B322B22365F00FFC763 /* PMSZoneStatView.swift */ = {isa = PBXFileReference; lastKnownFileType = sourcecode.swift; path = PMSZoneStatView.swift; sourceTree = "<group>"; };
		47E93B342B22366800FFC763 /* PMSEnterFacilityStageView.swift */ = {isa = PBXFileReference; lastKnownFileType = sourcecode.swift; path = PMSEnterFacilityStageView.swift; sourceTree = "<group>"; };
		47E93B362B22367300FFC763 /* PMSPresortStageView.swift */ = {isa = PBXFileReference; lastKnownFileType = sourcecode.swift; path = PMSPresortStageView.swift; sourceTree = "<group>"; };
		47E93B382B22367C00FFC763 /* PMSHoldingStageView.swift */ = {isa = PBXFileReference; lastKnownFileType = sourcecode.swift; path = PMSHoldingStageView.swift; sourceTree = "<group>"; };
		47E93B3A2B22369300FFC763 /* PMSShippingStageView.swift */ = {isa = PBXFileReference; lastKnownFileType = sourcecode.swift; path = PMSShippingStageView.swift; sourceTree = "<group>"; };
		47E93B3C2B2236A800FFC763 /* PMSShippedStageView.swift */ = {isa = PBXFileReference; lastKnownFileType = sourcecode.swift; path = PMSShippedStageView.swift; sourceTree = "<group>"; };
/* End PBXFileReference section */

/* Begin PBXFrameworksBuildPhase section */
		477EC5FB2B1FD7F400D2FA73 /* Frameworks */ = {
			isa = PBXFrameworksBuildPhase;
			buildActionMask = 2147483647;
			files = (
			);
			runOnlyForDeploymentPostprocessing = 0;
		};
		477EC60B2B1FD7F600D2FA73 /* Frameworks */ = {
			isa = PBXFrameworksBuildPhase;
			buildActionMask = 2147483647;
			files = (
			);
			runOnlyForDeploymentPostprocessing = 0;
		};
		477EC6152B1FD7F600D2FA73 /* Frameworks */ = {
			isa = PBXFrameworksBuildPhase;
			buildActionMask = 2147483647;
			files = (
			);
			runOnlyForDeploymentPostprocessing = 0;
		};
/* End PBXFrameworksBuildPhase section */

/* Begin PBXGroup section */
		477EC5F52B1FD7F400D2FA73 = {
			isa = PBXGroup;
			children = (
				477EC6002B1FD7F400D2FA73 /* Package-Management-System */,
				477EC6112B1FD7F600D2FA73 /* Package-Management-SystemTests */,
				477EC61B2B1FD7F600D2FA73 /* Package-Management-SystemUITests */,
				477EC5FF2B1FD7F400D2FA73 /* Products */,
			);
			sourceTree = "<group>";
		};
		477EC5FF2B1FD7F400D2FA73 /* Products */ = {
			isa = PBXGroup;
			children = (
				477EC5FE2B1FD7F400D2FA73 /* Package-Management-System.app */,
				477EC60E2B1FD7F600D2FA73 /* Package-Management-SystemTests.xctest */,
				477EC6182B1FD7F600D2FA73 /* Package-Management-SystemUITests.xctest */,
			);
			name = Products;
			sourceTree = "<group>";
		};
		477EC6002B1FD7F400D2FA73 /* Package-Management-System */ = {
			isa = PBXGroup;
			children = (
				477EC62B2B1FD81400D2FA73 /* Model */,
				47E93B2F2B2235ED00FFC763 /* Views */,
				477EC6012B1FD7F400D2FA73 /* Package_Management_SystemApp.swift */,
				477EC6052B1FD7F600D2FA73 /* Assets.xcassets */,
				477EC6072B1FD7F600D2FA73 /* Preview Content */,
			);
			path = "Package-Management-System";
			sourceTree = "<group>";
		};
		477EC6072B1FD7F600D2FA73 /* Preview Content */ = {
			isa = PBXGroup;
			children = (
				477EC6082B1FD7F600D2FA73 /* Preview Assets.xcassets */,
			);
			path = "Preview Content";
			sourceTree = "<group>";
		};
		477EC6112B1FD7F600D2FA73 /* Package-Management-SystemTests */ = {
			isa = PBXGroup;
			children = (
				477EC6122B1FD7F600D2FA73 /* Package_Management_SystemTests.swift */,
			);
			path = "Package-Management-SystemTests";
			sourceTree = "<group>";
		};
		477EC61B2B1FD7F600D2FA73 /* Package-Management-SystemUITests */ = {
			isa = PBXGroup;
			children = (
				477EC61C2B1FD7F600D2FA73 /* Package_Management_SystemUITests.swift */,
				477EC61E2B1FD7F600D2FA73 /* Package_Management_SystemUITestsLaunchTests.swift */,
			);
			path = "Package-Management-SystemUITests";
			sourceTree = "<group>";
		};
		477EC62B2B1FD81400D2FA73 /* Model */ = {
			isa = PBXGroup;
			children = (
				477EC6402B2168C900D2FA73 /* Enums */,
				477EC62E2B1FD8E300D2FA73 /* PMSFacility.swift */,
				477EC62C2B1FD86800D2FA73 /* PMSPackage.swift */,
				477EC6362B1FD9DD00D2FA73 /* PMSEmployee.swift */,
				477EC6472B21876800D2FA73 /* PMSEntryZone.swift */,
				477EC6382B2127DB00D2FA73 /* PMSPresortZone.swift */,
				477EC63A2B214EC300D2FA73 /* PMSHoldingZone.swift */,
				477EC63E2B21678500D2FA73 /* PMSShippingZone.swift */,
				477EC6452B217DE400D2FA73 /* PMSZone.swift */,
			);
			path = Model;
			sourceTree = "<group>";
		};
		477EC6402B2168C900D2FA73 /* Enums */ = {
			isa = PBXGroup;
			children = (
				477EC6302B1FD94000D2FA73 /* PMSShippingRoute.swift */,
				477EC63C2B2161BA00D2FA73 /* PMSCategory.swift */,
				477EC6432B21743700D2FA73 /* PMSPackageMishandledError.swift */,
				477EC6492B219BED00D2FA73 /* PMSZoneError.swift */,
			);
			path = Enums;
			sourceTree = "<group>";
		};
		47E93B2F2B2235ED00FFC763 /* Views */ = {
			isa = PBXGroup;
			children = (
				477EC6032B1FD7F400D2FA73 /* PMSStartView.swift */,
				477EC64B2B21AA6900D2FA73 /* PMSSimulationView.swift */,
				47E93B302B22365500FFC763 /* PMSFacilityHealthView.swift */,
				47E93B322B22365F00FFC763 /* PMSZoneStatView.swift */,
				47E93B342B22366800FFC763 /* PMSEnterFacilityStageView.swift */,
				47E93B362B22367300FFC763 /* PMSPresortStageView.swift */,
				47E93B382B22367C00FFC763 /* PMSHoldingStageView.swift */,
				47E93B3A2B22369300FFC763 /* PMSShippingStageView.swift */,
				47E93B3C2B2236A800FFC763 /* PMSShippedStageView.swift */,
			);
			path = Views;
			sourceTree = "<group>";
		};
/* End PBXGroup section */

/* Begin PBXNativeTarget section */
		477EC5FD2B1FD7F400D2FA73 /* Package-Management-System */ = {
			isa = PBXNativeTarget;
			buildConfigurationList = 477EC6222B1FD7F600D2FA73 /* Build configuration list for PBXNativeTarget "Package-Management-System" */;
			buildPhases = (
				477EC5FA2B1FD7F400D2FA73 /* Sources */,
				477EC5FB2B1FD7F400D2FA73 /* Frameworks */,
				477EC5FC2B1FD7F400D2FA73 /* Resources */,
			);
			buildRules = (
			);
			dependencies = (
			);
			name = "Package-Management-System";
			productName = "Package-Management-System";
			productReference = 477EC5FE2B1FD7F400D2FA73 /* Package-Management-System.app */;
			productType = "com.apple.product-type.application";
		};
		477EC60D2B1FD7F600D2FA73 /* Package-Management-SystemTests */ = {
			isa = PBXNativeTarget;
			buildConfigurationList = 477EC6252B1FD7F600D2FA73 /* Build configuration list for PBXNativeTarget "Package-Management-SystemTests" */;
			buildPhases = (
				477EC60A2B1FD7F600D2FA73 /* Sources */,
				477EC60B2B1FD7F600D2FA73 /* Frameworks */,
				477EC60C2B1FD7F600D2FA73 /* Resources */,
			);
			buildRules = (
			);
			dependencies = (
				477EC6102B1FD7F600D2FA73 /* PBXTargetDependency */,
			);
			name = "Package-Management-SystemTests";
			productName = "Package-Management-SystemTests";
			productReference = 477EC60E2B1FD7F600D2FA73 /* Package-Management-SystemTests.xctest */;
			productType = "com.apple.product-type.bundle.unit-test";
		};
		477EC6172B1FD7F600D2FA73 /* Package-Management-SystemUITests */ = {
			isa = PBXNativeTarget;
			buildConfigurationList = 477EC6282B1FD7F600D2FA73 /* Build configuration list for PBXNativeTarget "Package-Management-SystemUITests" */;
			buildPhases = (
				477EC6142B1FD7F600D2FA73 /* Sources */,
				477EC6152B1FD7F600D2FA73 /* Frameworks */,
				477EC6162B1FD7F600D2FA73 /* Resources */,
			);
			buildRules = (
			);
			dependencies = (
				477EC61A2B1FD7F600D2FA73 /* PBXTargetDependency */,
			);
			name = "Package-Management-SystemUITests";
			productName = "Package-Management-SystemUITests";
			productReference = 477EC6182B1FD7F600D2FA73 /* Package-Management-SystemUITests.xctest */;
			productType = "com.apple.product-type.bundle.ui-testing";
		};
/* End PBXNativeTarget section */

/* Begin PBXProject section */
		477EC5F62B1FD7F400D2FA73 /* Project object */ = {
			isa = PBXProject;
			attributes = {
				BuildIndependentTargetsInParallel = 1;
				LastSwiftUpdateCheck = 1430;
				LastUpgradeCheck = 1430;
				TargetAttributes = {
					477EC5FD2B1FD7F400D2FA73 = {
						CreatedOnToolsVersion = 14.3.1;
					};
					477EC60D2B1FD7F600D2FA73 = {
						CreatedOnToolsVersion = 14.3.1;
						TestTargetID = 477EC5FD2B1FD7F400D2FA73;
					};
					477EC6172B1FD7F600D2FA73 = {
						CreatedOnToolsVersion = 14.3.1;
						TestTargetID = 477EC5FD2B1FD7F400D2FA73;
					};
				};
			};
			buildConfigurationList = 477EC5F92B1FD7F400D2FA73 /* Build configuration list for PBXProject "Package-Management-System" */;
			compatibilityVersion = "Xcode 14.0";
			developmentRegion = en;
			hasScannedForEncodings = 0;
			knownRegions = (
				en,
				Base,
			);
			mainGroup = 477EC5F52B1FD7F400D2FA73;
			productRefGroup = 477EC5FF2B1FD7F400D2FA73 /* Products */;
			projectDirPath = "";
			projectRoot = "";
			targets = (
				477EC5FD2B1FD7F400D2FA73 /* Package-Management-System */,
				477EC60D2B1FD7F600D2FA73 /* Package-Management-SystemTests */,
				477EC6172B1FD7F600D2FA73 /* Package-Management-SystemUITests */,
			);
		};
/* End PBXProject section */

/* Begin PBXResourcesBuildPhase section */
		477EC5FC2B1FD7F400D2FA73 /* Resources */ = {
			isa = PBXResourcesBuildPhase;
			buildActionMask = 2147483647;
			files = (
				477EC6092B1FD7F600D2FA73 /* Preview Assets.xcassets in Resources */,
				477EC6062B1FD7F600D2FA73 /* Assets.xcassets in Resources */,
			);
			runOnlyForDeploymentPostprocessing = 0;
		};
		477EC60C2B1FD7F600D2FA73 /* Resources */ = {
			isa = PBXResourcesBuildPhase;
			buildActionMask = 2147483647;
			files = (
			);
			runOnlyForDeploymentPostprocessing = 0;
		};
		477EC6162B1FD7F600D2FA73 /* Resources */ = {
			isa = PBXResourcesBuildPhase;
			buildActionMask = 2147483647;
			files = (
			);
			runOnlyForDeploymentPostprocessing = 0;
		};
/* End PBXResourcesBuildPhase section */

/* Begin PBXSourcesBuildPhase section */
		477EC5FA2B1FD7F400D2FA73 /* Sources */ = {
			isa = PBXSourcesBuildPhase;
			buildActionMask = 2147483647;
			files = (
				477EC6392B2127DB00D2FA73 /* PMSPresortZone.swift in Sources */,
				47E93B3B2B22369300FFC763 /* PMSShippingStageView.swift in Sources */,
				477EC63F2B21678500D2FA73 /* PMSShippingZone.swift in Sources */,
				47E93B352B22366800FFC763 /* PMSEnterFacilityStageView.swift in Sources */,
				477EC64A2B219BED00D2FA73 /* PMSZoneError.swift in Sources */,
				47E93B392B22367C00FFC763 /* PMSHoldingStageView.swift in Sources */,
				477EC6042B1FD7F400D2FA73 /* PMSStartView.swift in Sources */,
				477EC63D2B2161BA00D2FA73 /* PMSCategory.swift in Sources */,
				477EC6312B1FD94000D2FA73 /* PMSShippingRoute.swift in Sources */,
				477EC62F2B1FD8E300D2FA73 /* PMSFacility.swift in Sources */,
				477EC6372B1FD9DD00D2FA73 /* PMSEmployee.swift in Sources */,
				477EC63B2B214EC300D2FA73 /* PMSHoldingZone.swift in Sources */,
				47E93B3D2B2236A800FFC763 /* PMSShippedStageView.swift in Sources */,
				477EC6442B21743700D2FA73 /* PMSPackageMishandledError.swift in Sources */,
				477EC6482B21876800D2FA73 /* PMSEntryZone.swift in Sources */,
				477EC62D2B1FD86800D2FA73 /* PMSPackage.swift in Sources */,
				47E93B332B22365F00FFC763 /* PMSZoneStatView.swift in Sources */,
				47E93B312B22365500FFC763 /* PMSFacilityHealthView.swift in Sources */,
				477EC64C2B21AA6900D2FA73 /* PMSSimulationView.swift in Sources */,
				477EC6462B217DE400D2FA73 /* PMSZone.swift in Sources */,
				47E93B372B22367300FFC763 /* PMSPresortStageView.swift in Sources */,
				477EC6022B1FD7F400D2FA73 /* Package_Management_SystemApp.swift in Sources */,
			);
			runOnlyForDeploymentPostprocessing = 0;
		};
		477EC60A2B1FD7F600D2FA73 /* Sources */ = {
			isa = PBXSourcesBuildPhase;
			buildActionMask = 2147483647;
			files = (
				477EC6132B1FD7F600D2FA73 /* Package_Management_SystemTests.swift in Sources */,
			);
			runOnlyForDeploymentPostprocessing = 0;
		};
		477EC6142B1FD7F600D2FA73 /* Sources */ = {
			isa = PBXSourcesBuildPhase;
			buildActionMask = 2147483647;
			files = (
				477EC61D2B1FD7F600D2FA73 /* Package_Management_SystemUITests.swift in Sources */,
				477EC61F2B1FD7F600D2FA73 /* Package_Management_SystemUITestsLaunchTests.swift in Sources */,
			);
			runOnlyForDeploymentPostprocessing = 0;
		};
/* End PBXSourcesBuildPhase section */

/* Begin PBXTargetDependency section */
		477EC6102B1FD7F600D2FA73 /* PBXTargetDependency */ = {
			isa = PBXTargetDependency;
			target = 477EC5FD2B1FD7F400D2FA73 /* Package-Management-System */;
			targetProxy = 477EC60F2B1FD7F600D2FA73 /* PBXContainerItemProxy */;
		};
		477EC61A2B1FD7F600D2FA73 /* PBXTargetDependency */ = {
			isa = PBXTargetDependency;
			target = 477EC5FD2B1FD7F400D2FA73 /* Package-Management-System */;
			targetProxy = 477EC6192B1FD7F600D2FA73 /* PBXContainerItemProxy */;
		};
/* End PBXTargetDependency section */

/* Begin XCBuildConfiguration section */
		477EC6202B1FD7F600D2FA73 /* Debug */ = {
			isa = XCBuildConfiguration;
			buildSettings = {
				ALWAYS_SEARCH_USER_PATHS = NO;
				CLANG_ANALYZER_NONNULL = YES;
				CLANG_ANALYZER_NUMBER_OBJECT_CONVERSION = YES_AGGRESSIVE;
				CLANG_CXX_LANGUAGE_STANDARD = "gnu++20";
				CLANG_ENABLE_MODULES = YES;
				CLANG_ENABLE_OBJC_ARC = YES;
				CLANG_ENABLE_OBJC_WEAK = YES;
				CLANG_WARN_BLOCK_CAPTURE_AUTORELEASING = YES;
				CLANG_WARN_BOOL_CONVERSION = YES;
				CLANG_WARN_COMMA = YES;
				CLANG_WARN_CONSTANT_CONVERSION = YES;
				CLANG_WARN_DEPRECATED_OBJC_IMPLEMENTATIONS = YES;
				CLANG_WARN_DIRECT_OBJC_ISA_USAGE = YES_ERROR;
				CLANG_WARN_DOCUMENTATION_COMMENTS = YES;
				CLANG_WARN_EMPTY_BODY = YES;
				CLANG_WARN_ENUM_CONVERSION = YES;
				CLANG_WARN_INFINITE_RECURSION = YES;
				CLANG_WARN_INT_CONVERSION = YES;
				CLANG_WARN_NON_LITERAL_NULL_CONVERSION = YES;
				CLANG_WARN_OBJC_IMPLICIT_RETAIN_SELF = YES;
				CLANG_WARN_OBJC_LITERAL_CONVERSION = YES;
				CLANG_WARN_OBJC_ROOT_CLASS = YES_ERROR;
				CLANG_WARN_QUOTED_INCLUDE_IN_FRAMEWORK_HEADER = YES;
				CLANG_WARN_RANGE_LOOP_ANALYSIS = YES;
				CLANG_WARN_STRICT_PROTOTYPES = YES;
				CLANG_WARN_SUSPICIOUS_MOVE = YES;
				CLANG_WARN_UNGUARDED_AVAILABILITY = YES_AGGRESSIVE;
				CLANG_WARN_UNREACHABLE_CODE = YES;
				CLANG_WARN__DUPLICATE_METHOD_MATCH = YES;
				COPY_PHASE_STRIP = NO;
				DEBUG_INFORMATION_FORMAT = dwarf;
				ENABLE_STRICT_OBJC_MSGSEND = YES;
				ENABLE_TESTABILITY = YES;
				GCC_C_LANGUAGE_STANDARD = gnu11;
				GCC_DYNAMIC_NO_PIC = NO;
				GCC_NO_COMMON_BLOCKS = YES;
				GCC_OPTIMIZATION_LEVEL = 0;
				GCC_PREPROCESSOR_DEFINITIONS = (
					"DEBUG=1",
					"$(inherited)",
				);
				GCC_WARN_64_TO_32_BIT_CONVERSION = YES;
				GCC_WARN_ABOUT_RETURN_TYPE = YES_ERROR;
				GCC_WARN_UNDECLARED_SELECTOR = YES;
				GCC_WARN_UNINITIALIZED_AUTOS = YES_AGGRESSIVE;
				GCC_WARN_UNUSED_FUNCTION = YES;
				GCC_WARN_UNUSED_VARIABLE = YES;
				IPHONEOS_DEPLOYMENT_TARGET = 16.4;
				MTL_ENABLE_DEBUG_INFO = INCLUDE_SOURCE;
				MTL_FAST_MATH = YES;
				ONLY_ACTIVE_ARCH = YES;
				SDKROOT = iphoneos;
				SWIFT_ACTIVE_COMPILATION_CONDITIONS = DEBUG;
				SWIFT_OPTIMIZATION_LEVEL = "-Onone";
			};
			name = Debug;
		};
		477EC6212B1FD7F600D2FA73 /* Release */ = {
			isa = XCBuildConfiguration;
			buildSettings = {
				ALWAYS_SEARCH_USER_PATHS = NO;
				CLANG_ANALYZER_NONNULL = YES;
				CLANG_ANALYZER_NUMBER_OBJECT_CONVERSION = YES_AGGRESSIVE;
				CLANG_CXX_LANGUAGE_STANDARD = "gnu++20";
				CLANG_ENABLE_MODULES = YES;
				CLANG_ENABLE_OBJC_ARC = YES;
				CLANG_ENABLE_OBJC_WEAK = YES;
				CLANG_WARN_BLOCK_CAPTURE_AUTORELEASING = YES;
				CLANG_WARN_BOOL_CONVERSION = YES;
				CLANG_WARN_COMMA = YES;
				CLANG_WARN_CONSTANT_CONVERSION = YES;
				CLANG_WARN_DEPRECATED_OBJC_IMPLEMENTATIONS = YES;
				CLANG_WARN_DIRECT_OBJC_ISA_USAGE = YES_ERROR;
				CLANG_WARN_DOCUMENTATION_COMMENTS = YES;
				CLANG_WARN_EMPTY_BODY = YES;
				CLANG_WARN_ENUM_CONVERSION = YES;
				CLANG_WARN_INFINITE_RECURSION = YES;
				CLANG_WARN_INT_CONVERSION = YES;
				CLANG_WARN_NON_LITERAL_NULL_CONVERSION = YES;
				CLANG_WARN_OBJC_IMPLICIT_RETAIN_SELF = YES;
				CLANG_WARN_OBJC_LITERAL_CONVERSION = YES;
				CLANG_WARN_OBJC_ROOT_CLASS = YES_ERROR;
				CLANG_WARN_QUOTED_INCLUDE_IN_FRAMEWORK_HEADER = YES;
				CLANG_WARN_RANGE_LOOP_ANALYSIS = YES;
				CLANG_WARN_STRICT_PROTOTYPES = YES;
				CLANG_WARN_SUSPICIOUS_MOVE = YES;
				CLANG_WARN_UNGUARDED_AVAILABILITY = YES_AGGRESSIVE;
				CLANG_WARN_UNREACHABLE_CODE = YES;
				CLANG_WARN__DUPLICATE_METHOD_MATCH = YES;
				COPY_PHASE_STRIP = NO;
				DEBUG_INFORMATION_FORMAT = "dwarf-with-dsym";
				ENABLE_NS_ASSERTIONS = NO;
				ENABLE_STRICT_OBJC_MSGSEND = YES;
				GCC_C_LANGUAGE_STANDARD = gnu11;
				GCC_NO_COMMON_BLOCKS = YES;
				GCC_WARN_64_TO_32_BIT_CONVERSION = YES;
				GCC_WARN_ABOUT_RETURN_TYPE = YES_ERROR;
				GCC_WARN_UNDECLARED_SELECTOR = YES;
				GCC_WARN_UNINITIALIZED_AUTOS = YES_AGGRESSIVE;
				GCC_WARN_UNUSED_FUNCTION = YES;
				GCC_WARN_UNUSED_VARIABLE = YES;
				IPHONEOS_DEPLOYMENT_TARGET = 16.4;
				MTL_ENABLE_DEBUG_INFO = NO;
				MTL_FAST_MATH = YES;
				SDKROOT = iphoneos;
				SWIFT_COMPILATION_MODE = wholemodule;
				SWIFT_OPTIMIZATION_LEVEL = "-O";
				VALIDATE_PRODUCT = YES;
			};
			name = Release;
		};
		477EC6232B1FD7F600D2FA73 /* Debug */ = {
			isa = XCBuildConfiguration;
			buildSettings = {
				ASSETCATALOG_COMPILER_APPICON_NAME = AppIcon;
				ASSETCATALOG_COMPILER_GLOBAL_ACCENT_COLOR_NAME = AccentColor;
				CODE_SIGN_STYLE = Automatic;
				CURRENT_PROJECT_VERSION = 1;
				DEVELOPMENT_ASSET_PATHS = "\"Package-Management-System/Preview Content\"";
				DEVELOPMENT_TEAM = RU3RNA4D23;
				ENABLE_PREVIEWS = YES;
				GENERATE_INFOPLIST_FILE = YES;
				INFOPLIST_KEY_UIApplicationSceneManifest_Generation = YES;
				INFOPLIST_KEY_UIApplicationSupportsIndirectInputEvents = YES;
				INFOPLIST_KEY_UILaunchScreen_Generation = YES;
				INFOPLIST_KEY_UISupportedInterfaceOrientations_iPad = "UIInterfaceOrientationPortrait UIInterfaceOrientationPortraitUpsideDown UIInterfaceOrientationLandscapeLeft UIInterfaceOrientationLandscapeRight";
				INFOPLIST_KEY_UISupportedInterfaceOrientations_iPhone = "UIInterfaceOrientationPortrait UIInterfaceOrientationLandscapeLeft UIInterfaceOrientationLandscapeRight";
				LD_RUNPATH_SEARCH_PATHS = (
					"$(inherited)",
					"@executable_path/Frameworks",
				);
				MARKETING_VERSION = 1.0;
				PRODUCT_BUNDLE_IDENTIFIER = "Ira-Einbinder.Package-Management-System";
				PRODUCT_NAME = "$(TARGET_NAME)";
				SWIFT_EMIT_LOC_STRINGS = YES;
				SWIFT_VERSION = 5.0;
				TARGETED_DEVICE_FAMILY = "1,2";
			};
			name = Debug;
		};
		477EC6242B1FD7F600D2FA73 /* Release */ = {
			isa = XCBuildConfiguration;
			buildSettings = {
				ASSETCATALOG_COMPILER_APPICON_NAME = AppIcon;
				ASSETCATALOG_COMPILER_GLOBAL_ACCENT_COLOR_NAME = AccentColor;
				CODE_SIGN_STYLE = Automatic;
				CURRENT_PROJECT_VERSION = 1;
				DEVELOPMENT_ASSET_PATHS = "\"Package-Management-System/Preview Content\"";
				DEVELOPMENT_TEAM = RU3RNA4D23;
				ENABLE_PREVIEWS = YES;
				GENERATE_INFOPLIST_FILE = YES;
				INFOPLIST_KEY_UIApplicationSceneManifest_Generation = YES;
				INFOPLIST_KEY_UIApplicationSupportsIndirectInputEvents = YES;
				INFOPLIST_KEY_UILaunchScreen_Generation = YES;
				INFOPLIST_KEY_UISupportedInterfaceOrientations_iPad = "UIInterfaceOrientationPortrait UIInterfaceOrientationPortraitUpsideDown UIInterfaceOrientationLandscapeLeft UIInterfaceOrientationLandscapeRight";
				INFOPLIST_KEY_UISupportedInterfaceOrientations_iPhone = "UIInterfaceOrientationPortrait UIInterfaceOrientationLandscapeLeft UIInterfaceOrientationLandscapeRight";
				LD_RUNPATH_SEARCH_PATHS = (
					"$(inherited)",
					"@executable_path/Frameworks",
				);
				MARKETING_VERSION = 1.0;
				PRODUCT_BUNDLE_IDENTIFIER = "Ira-Einbinder.Package-Management-System";
				PRODUCT_NAME = "$(TARGET_NAME)";
				SWIFT_EMIT_LOC_STRINGS = YES;
				SWIFT_VERSION = 5.0;
				TARGETED_DEVICE_FAMILY = "1,2";
			};
			name = Release;
		};
		477EC6262B1FD7F600D2FA73 /* Debug */ = {
			isa = XCBuildConfiguration;
			buildSettings = {
				ALWAYS_EMBED_SWIFT_STANDARD_LIBRARIES = YES;
				BUNDLE_LOADER = "$(TEST_HOST)";
				CODE_SIGN_STYLE = Automatic;
				CURRENT_PROJECT_VERSION = 1;
				DEVELOPMENT_TEAM = RU3RNA4D23;
				GENERATE_INFOPLIST_FILE = YES;
				IPHONEOS_DEPLOYMENT_TARGET = 16.4;
				MARKETING_VERSION = 1.0;
				PRODUCT_BUNDLE_IDENTIFIER = "Ira-Einbinder.Package-Management-SystemTests";
				PRODUCT_NAME = "$(TARGET_NAME)";
				SWIFT_EMIT_LOC_STRINGS = NO;
				SWIFT_VERSION = 5.0;
				TARGETED_DEVICE_FAMILY = "1,2";
				TEST_HOST = "$(BUILT_PRODUCTS_DIR)/Package-Management-System.app/$(BUNDLE_EXECUTABLE_FOLDER_PATH)/Package-Management-System";
			};
			name = Debug;
		};
		477EC6272B1FD7F600D2FA73 /* Release */ = {
			isa = XCBuildConfiguration;
			buildSettings = {
				ALWAYS_EMBED_SWIFT_STANDARD_LIBRARIES = YES;
				BUNDLE_LOADER = "$(TEST_HOST)";
				CODE_SIGN_STYLE = Automatic;
				CURRENT_PROJECT_VERSION = 1;
				DEVELOPMENT_TEAM = RU3RNA4D23;
				GENERATE_INFOPLIST_FILE = YES;
				IPHONEOS_DEPLOYMENT_TARGET = 16.4;
				MARKETING_VERSION = 1.0;
				PRODUCT_BUNDLE_IDENTIFIER = "Ira-Einbinder.Package-Management-SystemTests";
				PRODUCT_NAME = "$(TARGET_NAME)";
				SWIFT_EMIT_LOC_STRINGS = NO;
				SWIFT_VERSION = 5.0;
				TARGETED_DEVICE_FAMILY = "1,2";
				TEST_HOST = "$(BUILT_PRODUCTS_DIR)/Package-Management-System.app/$(BUNDLE_EXECUTABLE_FOLDER_PATH)/Package-Management-System";
			};
			name = Release;
		};
		477EC6292B1FD7F600D2FA73 /* Debug */ = {
			isa = XCBuildConfiguration;
			buildSettings = {
				ALWAYS_EMBED_SWIFT_STANDARD_LIBRARIES = YES;
				CODE_SIGN_STYLE = Automatic;
				CURRENT_PROJECT_VERSION = 1;
				DEVELOPMENT_TEAM = RU3RNA4D23;
				GENERATE_INFOPLIST_FILE = YES;
				MARKETING_VERSION = 1.0;
				PRODUCT_BUNDLE_IDENTIFIER = "Ira-Einbinder.Package-Management-SystemUITests";
				PRODUCT_NAME = "$(TARGET_NAME)";
				SWIFT_EMIT_LOC_STRINGS = NO;
				SWIFT_VERSION = 5.0;
				TARGETED_DEVICE_FAMILY = "1,2";
				TEST_TARGET_NAME = "Package-Management-System";
			};
			name = Debug;
		};
		477EC62A2B1FD7F600D2FA73 /* Release */ = {
			isa = XCBuildConfiguration;
			buildSettings = {
				ALWAYS_EMBED_SWIFT_STANDARD_LIBRARIES = YES;
				CODE_SIGN_STYLE = Automatic;
				CURRENT_PROJECT_VERSION = 1;
				DEVELOPMENT_TEAM = RU3RNA4D23;
				GENERATE_INFOPLIST_FILE = YES;
				MARKETING_VERSION = 1.0;
				PRODUCT_BUNDLE_IDENTIFIER = "Ira-Einbinder.Package-Management-SystemUITests";
				PRODUCT_NAME = "$(TARGET_NAME)";
				SWIFT_EMIT_LOC_STRINGS = NO;
				SWIFT_VERSION = 5.0;
				TARGETED_DEVICE_FAMILY = "1,2";
				TEST_TARGET_NAME = "Package-Management-System";
			};
			name = Release;
		};
/* End XCBuildConfiguration section */

/* Begin XCConfigurationList section */
		477EC5F92B1FD7F400D2FA73 /* Build configuration list for PBXProject "Package-Management-System" */ = {
			isa = XCConfigurationList;
			buildConfigurations = (
				477EC6202B1FD7F600D2FA73 /* Debug */,
				477EC6212B1FD7F600D2FA73 /* Release */,
			);
			defaultConfigurationIsVisible = 0;
			defaultConfigurationName = Release;
		};
		477EC6222B1FD7F600D2FA73 /* Build configuration list for PBXNativeTarget "Package-Management-System" */ = {
			isa = XCConfigurationList;
			buildConfigurations = (
				477EC6232B1FD7F600D2FA73 /* Debug */,
				477EC6242B1FD7F600D2FA73 /* Release */,
			);
			defaultConfigurationIsVisible = 0;
			defaultConfigurationName = Release;
		};
		477EC6252B1FD7F600D2FA73 /* Build configuration list for PBXNativeTarget "Package-Management-SystemTests" */ = {
			isa = XCConfigurationList;
			buildConfigurations = (
				477EC6262B1FD7F600D2FA73 /* Debug */,
				477EC6272B1FD7F600D2FA73 /* Release */,
			);
			defaultConfigurationIsVisible = 0;
			defaultConfigurationName = Release;
		};
		477EC6282B1FD7F600D2FA73 /* Build configuration list for PBXNativeTarget "Package-Management-SystemUITests" */ = {
			isa = XCConfigurationList;
			buildConfigurations = (
				477EC6292B1FD7F600D2FA73 /* Debug */,
				477EC62A2B1FD7F600D2FA73 /* Release */,
			);
			defaultConfigurationIsVisible = 0;
			defaultConfigurationName = Release;
		};
/* End XCConfigurationList section */
	};
	rootObject = 477EC5F62B1FD7F400D2FA73 /* Project object */;
}
